// !$*UTF8*$!
{
	archiveVersion = 1;
	classes = {
	};
	objectVersion = 56;
	objects = {

/* Begin PBXBuildFile section */
		BD654A1D299BB854007BA228 /* FirebaseManager.swift in Sources */ = {isa = PBXBuildFile; fileRef = BD654A1C299BB854007BA228 /* FirebaseManager.swift */; };
		BD654A20299BC60F007BA228 /* SDWebImageSwiftUI in Frameworks */ = {isa = PBXBuildFile; productRef = BD654A1F299BC60F007BA228 /* SDWebImageSwiftUI */; };
		BD654A23299E2A48007BA228 /* ChatUser.swift in Sources */ = {isa = PBXBuildFile; fileRef = BD654A22299E2A48007BA228 /* ChatUser.swift */; };
		BD654A26299F7A7B007BA228 /* CreateNewMessageView.swift in Sources */ = {isa = PBXBuildFile; fileRef = BD654A25299F7A7B007BA228 /* CreateNewMessageView.swift */; };
		BD654A2929A398CF007BA228 /* ChatLogView.swift in Sources */ = {isa = PBXBuildFile; fileRef = BD654A2829A398CF007BA228 /* ChatLogView.swift */; };
		BD654A2B29A63043007BA228 /* RecentMessage.swift in Sources */ = {isa = PBXBuildFile; fileRef = BD654A2A29A63042007BA228 /* RecentMessage.swift */; };
		BD654A2E29A633A8007BA228 /* FirebaseAuth in Frameworks */ = {isa = PBXBuildFile; productRef = BD654A2D29A633A8007BA228 /* FirebaseAuth */; };
		BD654A3029A633A8007BA228 /* FirebaseFirestore in Frameworks */ = {isa = PBXBuildFile; productRef = BD654A2F29A633A8007BA228 /* FirebaseFirestore */; };
		BD654A3229A633A8007BA228 /* FirebaseFirestoreSwift in Frameworks */ = {isa = PBXBuildFile; productRef = BD654A3129A633A8007BA228 /* FirebaseFirestoreSwift */; };
		BD654A3429A633A8007BA228 /* FirebaseStorage in Frameworks */ = {isa = PBXBuildFile; productRef = BD654A3329A633A8007BA228 /* FirebaseStorage */; };
		BD76A2392992528F00BBD7A1 /* GymChatApp_ITHSApp.swift in Sources */ = {isa = PBXBuildFile; fileRef = BD76A2382992528F00BBD7A1 /* GymChatApp_ITHSApp.swift */; };
		BD76A23B2992528F00BBD7A1 /* LoginView.swift in Sources */ = {isa = PBXBuildFile; fileRef = BD76A23A2992528F00BBD7A1 /* LoginView.swift */; };
		BD76A23D2992529200BBD7A1 /* Assets.xcassets in Resources */ = {isa = PBXBuildFile; fileRef = BD76A23C2992529200BBD7A1 /* Assets.xcassets */; };
		BD76A2402992529200BBD7A1 /* Preview Assets.xcassets in Resources */ = {isa = PBXBuildFile; fileRef = BD76A23F2992529200BBD7A1 /* Preview Assets.xcassets */; };
		BD76A24A2992529200BBD7A1 /* GymChatApp_ITHSTests.swift in Sources */ = {isa = PBXBuildFile; fileRef = BD76A2492992529200BBD7A1 /* GymChatApp_ITHSTests.swift */; };
		BD76A2542992529200BBD7A1 /* GymChatApp_ITHSUITests.swift in Sources */ = {isa = PBXBuildFile; fileRef = BD76A2532992529200BBD7A1 /* GymChatApp_ITHSUITests.swift */; };
		BD76A2562992529200BBD7A1 /* GymChatApp_ITHSUITestsLaunchTests.swift in Sources */ = {isa = PBXBuildFile; fileRef = BD76A2552992529200BBD7A1 /* GymChatApp_ITHSUITestsLaunchTests.swift */; };
		BD76A2682995000300BBD7A1 /* GoogleService-Info.plist in Resources */ = {isa = PBXBuildFile; fileRef = BD76A2672995000300BBD7A1 /* GoogleService-Info.plist */; };
		BD76A26A29951A1300BBD7A1 /* ImagePicker.swift in Sources */ = {isa = PBXBuildFile; fileRef = BD76A26929951A1300BBD7A1 /* ImagePicker.swift */; };
		BD76A275299A805700BBD7A1 /* MainMessagesView.swift in Sources */ = {isa = PBXBuildFile; fileRef = BD76A274299A805700BBD7A1 /* MainMessagesView.swift */; };
/* End PBXBuildFile section */

/* Begin PBXContainerItemProxy section */
		BD76A2462992529200BBD7A1 /* PBXContainerItemProxy */ = {
			isa = PBXContainerItemProxy;
			containerPortal = BD76A22D2992528F00BBD7A1 /* Project object */;
			proxyType = 1;
			remoteGlobalIDString = BD76A2342992528F00BBD7A1;
			remoteInfo = "GymChatApp-ITHS";
		};
		BD76A2502992529200BBD7A1 /* PBXContainerItemProxy */ = {
			isa = PBXContainerItemProxy;
			containerPortal = BD76A22D2992528F00BBD7A1 /* Project object */;
			proxyType = 1;
			remoteGlobalIDString = BD76A2342992528F00BBD7A1;
			remoteInfo = "GymChatApp-ITHS";
		};
/* End PBXContainerItemProxy section */

/* Begin PBXFileReference section */
		BD654A1C299BB854007BA228 /* FirebaseManager.swift */ = {isa = PBXFileReference; lastKnownFileType = sourcecode.swift; path = FirebaseManager.swift; sourceTree = "<group>"; };
		BD654A22299E2A48007BA228 /* ChatUser.swift */ = {isa = PBXFileReference; lastKnownFileType = sourcecode.swift; path = ChatUser.swift; sourceTree = "<group>"; };
		BD654A25299F7A7B007BA228 /* CreateNewMessageView.swift */ = {isa = PBXFileReference; lastKnownFileType = sourcecode.swift; path = CreateNewMessageView.swift; sourceTree = "<group>"; };
		BD654A2829A398CF007BA228 /* ChatLogView.swift */ = {isa = PBXFileReference; lastKnownFileType = sourcecode.swift; path = ChatLogView.swift; sourceTree = "<group>"; };
		BD654A2A29A63042007BA228 /* RecentMessage.swift */ = {isa = PBXFileReference; lastKnownFileType = sourcecode.swift; path = RecentMessage.swift; sourceTree = "<group>"; };
		BD76A2352992528F00BBD7A1 /* GymChatApp-ITHS.app */ = {isa = PBXFileReference; explicitFileType = wrapper.application; includeInIndex = 0; path = "GymChatApp-ITHS.app"; sourceTree = BUILT_PRODUCTS_DIR; };
		BD76A2382992528F00BBD7A1 /* GymChatApp_ITHSApp.swift */ = {isa = PBXFileReference; lastKnownFileType = sourcecode.swift; path = GymChatApp_ITHSApp.swift; sourceTree = "<group>"; };
		BD76A23A2992528F00BBD7A1 /* LoginView.swift */ = {isa = PBXFileReference; lastKnownFileType = sourcecode.swift; path = LoginView.swift; sourceTree = "<group>"; };
		BD76A23C2992529200BBD7A1 /* Assets.xcassets */ = {isa = PBXFileReference; lastKnownFileType = folder.assetcatalog; path = Assets.xcassets; sourceTree = "<group>"; };
		BD76A23F2992529200BBD7A1 /* Preview Assets.xcassets */ = {isa = PBXFileReference; lastKnownFileType = folder.assetcatalog; path = "Preview Assets.xcassets"; sourceTree = "<group>"; };
		BD76A2452992529200BBD7A1 /* GymChatApp-ITHSTests.xctest */ = {isa = PBXFileReference; explicitFileType = wrapper.cfbundle; includeInIndex = 0; path = "GymChatApp-ITHSTests.xctest"; sourceTree = BUILT_PRODUCTS_DIR; };
		BD76A2492992529200BBD7A1 /* GymChatApp_ITHSTests.swift */ = {isa = PBXFileReference; lastKnownFileType = sourcecode.swift; path = GymChatApp_ITHSTests.swift; sourceTree = "<group>"; };
		BD76A24F2992529200BBD7A1 /* GymChatApp-ITHSUITests.xctest */ = {isa = PBXFileReference; explicitFileType = wrapper.cfbundle; includeInIndex = 0; path = "GymChatApp-ITHSUITests.xctest"; sourceTree = BUILT_PRODUCTS_DIR; };
		BD76A2532992529200BBD7A1 /* GymChatApp_ITHSUITests.swift */ = {isa = PBXFileReference; lastKnownFileType = sourcecode.swift; path = GymChatApp_ITHSUITests.swift; sourceTree = "<group>"; };
		BD76A2552992529200BBD7A1 /* GymChatApp_ITHSUITestsLaunchTests.swift */ = {isa = PBXFileReference; lastKnownFileType = sourcecode.swift; path = GymChatApp_ITHSUITestsLaunchTests.swift; sourceTree = "<group>"; };
		BD76A2672995000300BBD7A1 /* GoogleService-Info.plist */ = {isa = PBXFileReference; fileEncoding = 4; lastKnownFileType = text.plist.xml; path = "GoogleService-Info.plist"; sourceTree = "<group>"; };
		BD76A26929951A1300BBD7A1 /* ImagePicker.swift */ = {isa = PBXFileReference; lastKnownFileType = sourcecode.swift; path = ImagePicker.swift; sourceTree = "<group>"; };
		BD76A274299A805700BBD7A1 /* MainMessagesView.swift */ = {isa = PBXFileReference; lastKnownFileType = sourcecode.swift; path = MainMessagesView.swift; sourceTree = "<group>"; };
/* End PBXFileReference section */

/* Begin PBXFrameworksBuildPhase section */
		BD76A2322992528F00BBD7A1 /* Frameworks */ = {
			isa = PBXFrameworksBuildPhase;
			buildActionMask = 2147483647;
			files = (
				BD654A20299BC60F007BA228 /* SDWebImageSwiftUI in Frameworks */,
				BD654A2E29A633A8007BA228 /* FirebaseAuth in Frameworks */,
				BD654A3029A633A8007BA228 /* FirebaseFirestore in Frameworks */,
				BD654A3429A633A8007BA228 /* FirebaseStorage in Frameworks */,
				BD654A3229A633A8007BA228 /* FirebaseFirestoreSwift in Frameworks */,
			);
			runOnlyForDeploymentPostprocessing = 0;
		};
		BD76A2422992529200BBD7A1 /* Frameworks */ = {
			isa = PBXFrameworksBuildPhase;
			buildActionMask = 2147483647;
			files = (
			);
			runOnlyForDeploymentPostprocessing = 0;
		};
		BD76A24C2992529200BBD7A1 /* Frameworks */ = {
			isa = PBXFrameworksBuildPhase;
			buildActionMask = 2147483647;
			files = (
			);
			runOnlyForDeploymentPostprocessing = 0;
		};
/* End PBXFrameworksBuildPhase section */

/* Begin PBXGroup section */
		BD654A21299E2A21007BA228 /* Model */ = {
			isa = PBXGroup;
			children = (
				BD654A22299E2A48007BA228 /* ChatUser.swift */,
				BD654A2A29A63042007BA228 /* RecentMessage.swift */,
			);
			path = Model;
			sourceTree = "<group>";
		};
		BD654A24299F7A3E007BA228 /* NewMessage */ = {
			isa = PBXGroup;
			children = (
				BD654A25299F7A7B007BA228 /* CreateNewMessageView.swift */,
			);
			path = NewMessage;
			sourceTree = "<group>";
		};
		BD654A2729A3989C007BA228 /* Chat */ = {
			isa = PBXGroup;
			children = (
				BD654A2829A398CF007BA228 /* ChatLogView.swift */,
			);
			path = Chat;
			sourceTree = "<group>";
		};
		BD76A22C2992528F00BBD7A1 = {
			isa = PBXGroup;
			children = (
				BD76A2372992528F00BBD7A1 /* GymChatApp-ITHS */,
				BD76A2482992529200BBD7A1 /* GymChatApp-ITHSTests */,
				BD76A2522992529200BBD7A1 /* GymChatApp-ITHSUITests */,
				BD76A2362992528F00BBD7A1 /* Products */,
			);
			sourceTree = "<group>";
		};
		BD76A2362992528F00BBD7A1 /* Products */ = {
			isa = PBXGroup;
			children = (
				BD76A2352992528F00BBD7A1 /* GymChatApp-ITHS.app */,
				BD76A2452992529200BBD7A1 /* GymChatApp-ITHSTests.xctest */,
				BD76A24F2992529200BBD7A1 /* GymChatApp-ITHSUITests.xctest */,
			);
			name = Products;
			sourceTree = "<group>";
		};
		BD76A2372992528F00BBD7A1 /* GymChatApp-ITHS */ = {
			isa = PBXGroup;
			children = (
				BD654A21299E2A21007BA228 /* Model */,
				BD76A2382992528F00BBD7A1 /* GymChatApp_ITHSApp.swift */,
				BD654A1C299BB854007BA228 /* FirebaseManager.swift */,
				BD654A2729A3989C007BA228 /* Chat */,
				BD76A23A2992528F00BBD7A1 /* LoginView.swift */,
				BD654A24299F7A3E007BA228 /* NewMessage */,
				BD76A274299A805700BBD7A1 /* MainMessagesView.swift */,
				BD76A2672995000300BBD7A1 /* GoogleService-Info.plist */,
				BD76A23C2992529200BBD7A1 /* Assets.xcassets */,
				BD76A23E2992529200BBD7A1 /* Preview Content */,
				BD76A26929951A1300BBD7A1 /* ImagePicker.swift */,
			);
			path = "GymChatApp-ITHS";
			sourceTree = "<group>";
		};
		BD76A23E2992529200BBD7A1 /* Preview Content */ = {
			isa = PBXGroup;
			children = (
				BD76A23F2992529200BBD7A1 /* Preview Assets.xcassets */,
			);
			path = "Preview Content";
			sourceTree = "<group>";
		};
		BD76A2482992529200BBD7A1 /* GymChatApp-ITHSTests */ = {
			isa = PBXGroup;
			children = (
				BD76A2492992529200BBD7A1 /* GymChatApp_ITHSTests.swift */,
			);
			path = "GymChatApp-ITHSTests";
			sourceTree = "<group>";
		};
		BD76A2522992529200BBD7A1 /* GymChatApp-ITHSUITests */ = {
			isa = PBXGroup;
			children = (
				BD76A2532992529200BBD7A1 /* GymChatApp_ITHSUITests.swift */,
				BD76A2552992529200BBD7A1 /* GymChatApp_ITHSUITestsLaunchTests.swift */,
			);
			path = "GymChatApp-ITHSUITests";
			sourceTree = "<group>";
		};
/* End PBXGroup section */

/* Begin PBXNativeTarget section */
		BD76A2342992528F00BBD7A1 /* GymChatApp-ITHS */ = {
			isa = PBXNativeTarget;
			buildConfigurationList = BD76A2592992529200BBD7A1 /* Build configuration list for PBXNativeTarget "GymChatApp-ITHS" */;
			buildPhases = (
				BD76A2312992528F00BBD7A1 /* Sources */,
				BD76A2322992528F00BBD7A1 /* Frameworks */,
				BD76A2332992528F00BBD7A1 /* Resources */,
			);
			buildRules = (
			);
			dependencies = (
			);
			name = "GymChatApp-ITHS";
			packageProductDependencies = (
				BD654A1F299BC60F007BA228 /* SDWebImageSwiftUI */,
				BD654A2D29A633A8007BA228 /* FirebaseAuth */,
				BD654A2F29A633A8007BA228 /* FirebaseFirestore */,
				BD654A3129A633A8007BA228 /* FirebaseFirestoreSwift */,
				BD654A3329A633A8007BA228 /* FirebaseStorage */,
			);
			productName = "GymChatApp-ITHS";
			productReference = BD76A2352992528F00BBD7A1 /* GymChatApp-ITHS.app */;
			productType = "com.apple.product-type.application";
		};
		BD76A2442992529200BBD7A1 /* GymChatApp-ITHSTests */ = {
			isa = PBXNativeTarget;
			buildConfigurationList = BD76A25C2992529200BBD7A1 /* Build configuration list for PBXNativeTarget "GymChatApp-ITHSTests" */;
			buildPhases = (
				BD76A2412992529200BBD7A1 /* Sources */,
				BD76A2422992529200BBD7A1 /* Frameworks */,
				BD76A2432992529200BBD7A1 /* Resources */,
			);
			buildRules = (
			);
			dependencies = (
				BD76A2472992529200BBD7A1 /* PBXTargetDependency */,
			);
			name = "GymChatApp-ITHSTests";
			productName = "GymChatApp-ITHSTests";
			productReference = BD76A2452992529200BBD7A1 /* GymChatApp-ITHSTests.xctest */;
			productType = "com.apple.product-type.bundle.unit-test";
		};
		BD76A24E2992529200BBD7A1 /* GymChatApp-ITHSUITests */ = {
			isa = PBXNativeTarget;
			buildConfigurationList = BD76A25F2992529200BBD7A1 /* Build configuration list for PBXNativeTarget "GymChatApp-ITHSUITests" */;
			buildPhases = (
				BD76A24B2992529200BBD7A1 /* Sources */,
				BD76A24C2992529200BBD7A1 /* Frameworks */,
				BD76A24D2992529200BBD7A1 /* Resources */,
			);
			buildRules = (
			);
			dependencies = (
				BD76A2512992529200BBD7A1 /* PBXTargetDependency */,
			);
			name = "GymChatApp-ITHSUITests";
			productName = "GymChatApp-ITHSUITests";
			productReference = BD76A24F2992529200BBD7A1 /* GymChatApp-ITHSUITests.xctest */;
			productType = "com.apple.product-type.bundle.ui-testing";
		};
/* End PBXNativeTarget section */

/* Begin PBXProject section */
		BD76A22D2992528F00BBD7A1 /* Project object */ = {
			isa = PBXProject;
			attributes = {
				BuildIndependentTargetsInParallel = 1;
				LastSwiftUpdateCheck = 1420;
				LastUpgradeCheck = 1420;
				TargetAttributes = {
					BD76A2342992528F00BBD7A1 = {
						CreatedOnToolsVersion = 14.2;
					};
					BD76A2442992529200BBD7A1 = {
						CreatedOnToolsVersion = 14.2;
						TestTargetID = BD76A2342992528F00BBD7A1;
					};
					BD76A24E2992529200BBD7A1 = {
						CreatedOnToolsVersion = 14.2;
						TestTargetID = BD76A2342992528F00BBD7A1;
					};
				};
			};
			buildConfigurationList = BD76A2302992528F00BBD7A1 /* Build configuration list for PBXProject "GymChatApp-ITHS" */;
			compatibilityVersion = "Xcode 14.0";
			developmentRegion = en;
			hasScannedForEncodings = 0;
			knownRegions = (
				en,
				Base,
			);
			mainGroup = BD76A22C2992528F00BBD7A1;
			packageReferences = (
				BD654A1E299BC60F007BA228 /* XCRemoteSwiftPackageReference "SDWebImageSwiftUI" */,
				BD654A2C29A633A8007BA228 /* XCRemoteSwiftPackageReference "firebase-ios-sdk" */,
			);
			productRefGroup = BD76A2362992528F00BBD7A1 /* Products */;
			projectDirPath = "";
			projectRoot = "";
			targets = (
				BD76A2342992528F00BBD7A1 /* GymChatApp-ITHS */,
				BD76A2442992529200BBD7A1 /* GymChatApp-ITHSTests */,
				BD76A24E2992529200BBD7A1 /* GymChatApp-ITHSUITests */,
			);
		};
/* End PBXProject section */

/* Begin PBXResourcesBuildPhase section */
		BD76A2332992528F00BBD7A1 /* Resources */ = {
			isa = PBXResourcesBuildPhase;
			buildActionMask = 2147483647;
			files = (
				BD76A2402992529200BBD7A1 /* Preview Assets.xcassets in Resources */,
				BD76A23D2992529200BBD7A1 /* Assets.xcassets in Resources */,
				BD76A2682995000300BBD7A1 /* GoogleService-Info.plist in Resources */,
			);
			runOnlyForDeploymentPostprocessing = 0;
		};
		BD76A2432992529200BBD7A1 /* Resources */ = {
			isa = PBXResourcesBuildPhase;
			buildActionMask = 2147483647;
			files = (
			);
			runOnlyForDeploymentPostprocessing = 0;
		};
		BD76A24D2992529200BBD7A1 /* Resources */ = {
			isa = PBXResourcesBuildPhase;
			buildActionMask = 2147483647;
			files = (
			);
			runOnlyForDeploymentPostprocessing = 0;
		};
/* End PBXResourcesBuildPhase section */

/* Begin PBXSourcesBuildPhase section */
		BD76A2312992528F00BBD7A1 /* Sources */ = {
			isa = PBXSourcesBuildPhase;
			buildActionMask = 2147483647;
			files = (
				BD654A23299E2A48007BA228 /* ChatUser.swift in Sources */,
				BD654A2929A398CF007BA228 /* ChatLogView.swift in Sources */,
				BD654A2B29A63043007BA228 /* RecentMessage.swift in Sources */,
				BD76A26A29951A1300BBD7A1 /* ImagePicker.swift in Sources */,
				BD76A275299A805700BBD7A1 /* MainMessagesView.swift in Sources */,
				BD654A1D299BB854007BA228 /* FirebaseManager.swift in Sources */,
				BD654A26299F7A7B007BA228 /* CreateNewMessageView.swift in Sources */,
				BD76A23B2992528F00BBD7A1 /* LoginView.swift in Sources */,
				BD76A2392992528F00BBD7A1 /* GymChatApp_ITHSApp.swift in Sources */,
			);
			runOnlyForDeploymentPostprocessing = 0;
		};
		BD76A2412992529200BBD7A1 /* Sources */ = {
			isa = PBXSourcesBuildPhase;
			buildActionMask = 2147483647;
			files = (
				BD76A24A2992529200BBD7A1 /* GymChatApp_ITHSTests.swift in Sources */,
			);
			runOnlyForDeploymentPostprocessing = 0;
		};
		BD76A24B2992529200BBD7A1 /* Sources */ = {
			isa = PBXSourcesBuildPhase;
			buildActionMask = 2147483647;
			files = (
				BD76A2562992529200BBD7A1 /* GymChatApp_ITHSUITestsLaunchTests.swift in Sources */,
				BD76A2542992529200BBD7A1 /* GymChatApp_ITHSUITests.swift in Sources */,
			);
			runOnlyForDeploymentPostprocessing = 0;
		};
/* End PBXSourcesBuildPhase section */

/* Begin PBXTargetDependency section */
		BD76A2472992529200BBD7A1 /* PBXTargetDependency */ = {
			isa = PBXTargetDependency;
			target = BD76A2342992528F00BBD7A1 /* GymChatApp-ITHS */;
			targetProxy = BD76A2462992529200BBD7A1 /* PBXContainerItemProxy */;
		};
		BD76A2512992529200BBD7A1 /* PBXTargetDependency */ = {
			isa = PBXTargetDependency;
			target = BD76A2342992528F00BBD7A1 /* GymChatApp-ITHS */;
			targetProxy = BD76A2502992529200BBD7A1 /* PBXContainerItemProxy */;
		};
/* End PBXTargetDependency section */

/* Begin XCBuildConfiguration section */
		BD76A2572992529200BBD7A1 /* Debug */ = {
			isa = XCBuildConfiguration;
			buildSettings = {
				ALWAYS_SEARCH_USER_PATHS = NO;
				CLANG_ANALYZER_NONNULL = YES;
				CLANG_ANALYZER_NUMBER_OBJECT_CONVERSION = YES_AGGRESSIVE;
				CLANG_CXX_LANGUAGE_STANDARD = "gnu++20";
				CLANG_ENABLE_MODULES = YES;
				CLANG_ENABLE_OBJC_ARC = YES;
				CLANG_ENABLE_OBJC_WEAK = YES;
				CLANG_WARN_BLOCK_CAPTURE_AUTORELEASING = YES;
				CLANG_WARN_BOOL_CONVERSION = YES;
				CLANG_WARN_COMMA = YES;
				CLANG_WARN_CONSTANT_CONVERSION = YES;
				CLANG_WARN_DEPRECATED_OBJC_IMPLEMENTATIONS = YES;
				CLANG_WARN_DIRECT_OBJC_ISA_USAGE = YES_ERROR;
				CLANG_WARN_DOCUMENTATION_COMMENTS = YES;
				CLANG_WARN_EMPTY_BODY = YES;
				CLANG_WARN_ENUM_CONVERSION = YES;
				CLANG_WARN_INFINITE_RECURSION = YES;
				CLANG_WARN_INT_CONVERSION = YES;
				CLANG_WARN_NON_LITERAL_NULL_CONVERSION = YES;
				CLANG_WARN_OBJC_IMPLICIT_RETAIN_SELF = YES;
				CLANG_WARN_OBJC_LITERAL_CONVERSION = YES;
				CLANG_WARN_OBJC_ROOT_CLASS = YES_ERROR;
				CLANG_WARN_QUOTED_INCLUDE_IN_FRAMEWORK_HEADER = YES;
				CLANG_WARN_RANGE_LOOP_ANALYSIS = YES;
				CLANG_WARN_STRICT_PROTOTYPES = YES;
				CLANG_WARN_SUSPICIOUS_MOVE = YES;
				CLANG_WARN_UNGUARDED_AVAILABILITY = YES_AGGRESSIVE;
				CLANG_WARN_UNREACHABLE_CODE = YES;
				CLANG_WARN__DUPLICATE_METHOD_MATCH = YES;
				COPY_PHASE_STRIP = NO;
				DEBUG_INFORMATION_FORMAT = dwarf;
				ENABLE_STRICT_OBJC_MSGSEND = YES;
				ENABLE_TESTABILITY = YES;
				GCC_C_LANGUAGE_STANDARD = gnu11;
				GCC_DYNAMIC_NO_PIC = NO;
				GCC_NO_COMMON_BLOCKS = YES;
				GCC_OPTIMIZATION_LEVEL = 0;
				GCC_PREPROCESSOR_DEFINITIONS = (
					"DEBUG=1",
					"$(inherited)",
				);
				GCC_WARN_64_TO_32_BIT_CONVERSION = YES;
				GCC_WARN_ABOUT_RETURN_TYPE = YES_ERROR;
				GCC_WARN_UNDECLARED_SELECTOR = YES;
				GCC_WARN_UNINITIALIZED_AUTOS = YES_AGGRESSIVE;
				GCC_WARN_UNUSED_FUNCTION = YES;
				GCC_WARN_UNUSED_VARIABLE = YES;
				IPHONEOS_DEPLOYMENT_TARGET = 16.2;
				MTL_ENABLE_DEBUG_INFO = INCLUDE_SOURCE;
				MTL_FAST_MATH = YES;
				ONLY_ACTIVE_ARCH = YES;
				SDKROOT = iphoneos;
				SWIFT_ACTIVE_COMPILATION_CONDITIONS = DEBUG;
				SWIFT_OPTIMIZATION_LEVEL = "-Onone";
			};
			name = Debug;
		};
		BD76A2582992529200BBD7A1 /* Release */ = {
			isa = XCBuildConfiguration;
			buildSettings = {
				ALWAYS_SEARCH_USER_PATHS = NO;
				CLANG_ANALYZER_NONNULL = YES;
				CLANG_ANALYZER_NUMBER_OBJECT_CONVERSION = YES_AGGRESSIVE;
				CLANG_CXX_LANGUAGE_STANDARD = "gnu++20";
				CLANG_ENABLE_MODULES = YES;
				CLANG_ENABLE_OBJC_ARC = YES;
				CLANG_ENABLE_OBJC_WEAK = YES;
				CLANG_WARN_BLOCK_CAPTURE_AUTORELEASING = YES;
				CLANG_WARN_BOOL_CONVERSION = YES;
				CLANG_WARN_COMMA = YES;
				CLANG_WARN_CONSTANT_CONVERSION = YES;
				CLANG_WARN_DEPRECATED_OBJC_IMPLEMENTATIONS = YES;
				CLANG_WARN_DIRECT_OBJC_ISA_USAGE = YES_ERROR;
				CLANG_WARN_DOCUMENTATION_COMMENTS = YES;
				CLANG_WARN_EMPTY_BODY = YES;
				CLANG_WARN_ENUM_CONVERSION = YES;
				CLANG_WARN_INFINITE_RECURSION = YES;
				CLANG_WARN_INT_CONVERSION = YES;
				CLANG_WARN_NON_LITERAL_NULL_CONVERSION = YES;
				CLANG_WARN_OBJC_IMPLICIT_RETAIN_SELF = YES;
				CLANG_WARN_OBJC_LITERAL_CONVERSION = YES;
				CLANG_WARN_OBJC_ROOT_CLASS = YES_ERROR;
				CLANG_WARN_QUOTED_INCLUDE_IN_FRAMEWORK_HEADER = YES;
				CLANG_WARN_RANGE_LOOP_ANALYSIS = YES;
				CLANG_WARN_STRICT_PROTOTYPES = YES;
				CLANG_WARN_SUSPICIOUS_MOVE = YES;
				CLANG_WARN_UNGUARDED_AVAILABILITY = YES_AGGRESSIVE;
				CLANG_WARN_UNREACHABLE_CODE = YES;
				CLANG_WARN__DUPLICATE_METHOD_MATCH = YES;
				COPY_PHASE_STRIP = NO;
				DEBUG_INFORMATION_FORMAT = "dwarf-with-dsym";
				ENABLE_NS_ASSERTIONS = NO;
				ENABLE_STRICT_OBJC_MSGSEND = YES;
				GCC_C_LANGUAGE_STANDARD = gnu11;
				GCC_NO_COMMON_BLOCKS = YES;
				GCC_WARN_64_TO_32_BIT_CONVERSION = YES;
				GCC_WARN_ABOUT_RETURN_TYPE = YES_ERROR;
				GCC_WARN_UNDECLARED_SELECTOR = YES;
				GCC_WARN_UNINITIALIZED_AUTOS = YES_AGGRESSIVE;
				GCC_WARN_UNUSED_FUNCTION = YES;
				GCC_WARN_UNUSED_VARIABLE = YES;
				IPHONEOS_DEPLOYMENT_TARGET = 16.2;
				MTL_ENABLE_DEBUG_INFO = NO;
				MTL_FAST_MATH = YES;
				SDKROOT = iphoneos;
				SWIFT_COMPILATION_MODE = wholemodule;
				SWIFT_OPTIMIZATION_LEVEL = "-O";
				VALIDATE_PRODUCT = YES;
			};
			name = Release;
		};
		BD76A25A2992529200BBD7A1 /* Debug */ = {
			isa = XCBuildConfiguration;
			buildSettings = {
				ASSETCATALOG_COMPILER_APPICON_NAME = AppIcon;
				ASSETCATALOG_COMPILER_GLOBAL_ACCENT_COLOR_NAME = AccentColor;
				CODE_SIGN_STYLE = Automatic;
				CURRENT_PROJECT_VERSION = 1;
				DEVELOPMENT_ASSET_PATHS = "\"GymChatApp-ITHS/Preview Content\"";
				ENABLE_PREVIEWS = YES;
				GENERATE_INFOPLIST_FILE = YES;
				INFOPLIST_KEY_UIApplicationSceneManifest_Generation = YES;
				INFOPLIST_KEY_UIApplicationSupportsIndirectInputEvents = YES;
				INFOPLIST_KEY_UILaunchScreen_Generation = YES;
				INFOPLIST_KEY_UISupportedInterfaceOrientations_iPad = "UIInterfaceOrientationPortrait UIInterfaceOrientationPortraitUpsideDown UIInterfaceOrientationLandscapeLeft UIInterfaceOrientationLandscapeRight";
				INFOPLIST_KEY_UISupportedInterfaceOrientations_iPhone = "UIInterfaceOrientationPortrait UIInterfaceOrientationLandscapeLeft UIInterfaceOrientationLandscapeRight";
				LD_RUNPATH_SEARCH_PATHS = (
					"$(inherited)",
					"@executable_path/Frameworks",
				);
				MARKETING_VERSION = 1.0;
				PRODUCT_BUNDLE_IDENTIFIER = "com.example.GymChatApp-ITHS";
				PRODUCT_NAME = "$(TARGET_NAME)";
				SWIFT_EMIT_LOC_STRINGS = YES;
				SWIFT_VERSION = 5.0;
				TARGETED_DEVICE_FAMILY = "1,2";
			};
			name = Debug;
		};
		BD76A25B2992529200BBD7A1 /* Release */ = {
			isa = XCBuildConfiguration;
			buildSettings = {
				ASSETCATALOG_COMPILER_APPICON_NAME = AppIcon;
				ASSETCATALOG_COMPILER_GLOBAL_ACCENT_COLOR_NAME = AccentColor;
				CODE_SIGN_STYLE = Automatic;
				CURRENT_PROJECT_VERSION = 1;
				DEVELOPMENT_ASSET_PATHS = "\"GymChatApp-ITHS/Preview Content\"";
				ENABLE_PREVIEWS = YES;
				GENERATE_INFOPLIST_FILE = YES;
				INFOPLIST_KEY_UIApplicationSceneManifest_Generation = YES;
				INFOPLIST_KEY_UIApplicationSupportsIndirectInputEvents = YES;
				INFOPLIST_KEY_UILaunchScreen_Generation = YES;
				INFOPLIST_KEY_UISupportedInterfaceOrientations_iPad = "UIInterfaceOrientationPortrait UIInterfaceOrientationPortraitUpsideDown UIInterfaceOrientationLandscapeLeft UIInterfaceOrientationLandscapeRight";
				INFOPLIST_KEY_UISupportedInterfaceOrientations_iPhone = "UIInterfaceOrientationPortrait UIInterfaceOrientationLandscapeLeft UIInterfaceOrientationLandscapeRight";
				LD_RUNPATH_SEARCH_PATHS = (
					"$(inherited)",
					"@executable_path/Frameworks",
				);
				MARKETING_VERSION = 1.0;
				PRODUCT_BUNDLE_IDENTIFIER = "com.example.GymChatApp-ITHS";
				PRODUCT_NAME = "$(TARGET_NAME)";
				SWIFT_EMIT_LOC_STRINGS = YES;
				SWIFT_VERSION = 5.0;
				TARGETED_DEVICE_FAMILY = "1,2";
			};
			name = Release;
		};
		BD76A25D2992529200BBD7A1 /* Debug */ = {
			isa = XCBuildConfiguration;
			buildSettings = {
				ALWAYS_EMBED_SWIFT_STANDARD_LIBRARIES = YES;
				BUNDLE_LOADER = "$(TEST_HOST)";
				CODE_SIGN_STYLE = Automatic;
				CURRENT_PROJECT_VERSION = 1;
				GENERATE_INFOPLIST_FILE = YES;
				IPHONEOS_DEPLOYMENT_TARGET = 16.2;
				MARKETING_VERSION = 1.0;
				PRODUCT_BUNDLE_IDENTIFIER = "com.example.GymChatApp-ITHSTests";
				PRODUCT_NAME = "$(TARGET_NAME)";
				SWIFT_EMIT_LOC_STRINGS = NO;
				SWIFT_VERSION = 5.0;
				TARGETED_DEVICE_FAMILY = "1,2";
				TEST_HOST = "$(BUILT_PRODUCTS_DIR)/GymChatApp-ITHS.app/$(BUNDLE_EXECUTABLE_FOLDER_PATH)/GymChatApp-ITHS";
			};
			name = Debug;
		};
		BD76A25E2992529200BBD7A1 /* Release */ = {
			isa = XCBuildConfiguration;
			buildSettings = {
				ALWAYS_EMBED_SWIFT_STANDARD_LIBRARIES = YES;
				BUNDLE_LOADER = "$(TEST_HOST)";
				CODE_SIGN_STYLE = Automatic;
				CURRENT_PROJECT_VERSION = 1;
				GENERATE_INFOPLIST_FILE = YES;
				IPHONEOS_DEPLOYMENT_TARGET = 16.2;
				MARKETING_VERSION = 1.0;
				PRODUCT_BUNDLE_IDENTIFIER = "com.example.GymChatApp-ITHSTests";
				PRODUCT_NAME = "$(TARGET_NAME)";
				SWIFT_EMIT_LOC_STRINGS = NO;
				SWIFT_VERSION = 5.0;
				TARGETED_DEVICE_FAMILY = "1,2";
				TEST_HOST = "$(BUILT_PRODUCTS_DIR)/GymChatApp-ITHS.app/$(BUNDLE_EXECUTABLE_FOLDER_PATH)/GymChatApp-ITHS";
			};
			name = Release;
		};
		BD76A2602992529200BBD7A1 /* Debug */ = {
			isa = XCBuildConfiguration;
			buildSettings = {
				ALWAYS_EMBED_SWIFT_STANDARD_LIBRARIES = YES;
				CODE_SIGN_STYLE = Automatic;
				CURRENT_PROJECT_VERSION = 1;
				GENERATE_INFOPLIST_FILE = YES;
				MARKETING_VERSION = 1.0;
				PRODUCT_BUNDLE_IDENTIFIER = "com.example.GymChatApp-ITHSUITests";
				PRODUCT_NAME = "$(TARGET_NAME)";
				SWIFT_EMIT_LOC_STRINGS = NO;
				SWIFT_VERSION = 5.0;
				TARGETED_DEVICE_FAMILY = "1,2";
				TEST_TARGET_NAME = "GymChatApp-ITHS";
			};
			name = Debug;
		};
		BD76A2612992529200BBD7A1 /* Release */ = {
			isa = XCBuildConfiguration;
			buildSettings = {
				ALWAYS_EMBED_SWIFT_STANDARD_LIBRARIES = YES;
				CODE_SIGN_STYLE = Automatic;
				CURRENT_PROJECT_VERSION = 1;
				GENERATE_INFOPLIST_FILE = YES;
				MARKETING_VERSION = 1.0;
				PRODUCT_BUNDLE_IDENTIFIER = "com.example.GymChatApp-ITHSUITests";
				PRODUCT_NAME = "$(TARGET_NAME)";
				SWIFT_EMIT_LOC_STRINGS = NO;
				SWIFT_VERSION = 5.0;
				TARGETED_DEVICE_FAMILY = "1,2";
				TEST_TARGET_NAME = "GymChatApp-ITHS";
			};
			name = Release;
		};
/* End XCBuildConfiguration section */

/* Begin XCConfigurationList section */
		BD76A2302992528F00BBD7A1 /* Build configuration list for PBXProject "GymChatApp-ITHS" */ = {
			isa = XCConfigurationList;
			buildConfigurations = (
				BD76A2572992529200BBD7A1 /* Debug */,
				BD76A2582992529200BBD7A1 /* Release */,
			);
			defaultConfigurationIsVisible = 0;
			defaultConfigurationName = Release;
		};
		BD76A2592992529200BBD7A1 /* Build configuration list for PBXNativeTarget "GymChatApp-ITHS" */ = {
			isa = XCConfigurationList;
			buildConfigurations = (
				BD76A25A2992529200BBD7A1 /* Debug */,
				BD76A25B2992529200BBD7A1 /* Release */,
			);
			defaultConfigurationIsVisible = 0;
			defaultConfigurationName = Release;
		};
		BD76A25C2992529200BBD7A1 /* Build configuration list for PBXNativeTarget "GymChatApp-ITHSTests" */ = {
			isa = XCConfigurationList;
			buildConfigurations = (
				BD76A25D2992529200BBD7A1 /* Debug */,
				BD76A25E2992529200BBD7A1 /* Release */,
			);
			defaultConfigurationIsVisible = 0;
			defaultConfigurationName = Release;
		};
		BD76A25F2992529200BBD7A1 /* Build configuration list for PBXNativeTarget "GymChatApp-ITHSUITests" */ = {
			isa = XCConfigurationList;
			buildConfigurations = (
				BD76A2602992529200BBD7A1 /* Debug */,
				BD76A2612992529200BBD7A1 /* Release */,
			);
			defaultConfigurationIsVisible = 0;
			defaultConfigurationName = Release;
		};
/* End XCConfigurationList section */

/* Begin XCRemoteSwiftPackageReference section */
		BD654A1E299BC60F007BA228 /* XCRemoteSwiftPackageReference "SDWebImageSwiftUI" */ = {
			isa = XCRemoteSwiftPackageReference;
			repositoryURL = "https://github.com/SDWebImage/SDWebImageSwiftUI";
			requirement = {
				kind = upToNextMajorVersion;
				minimumVersion = 2.0.0;
			};
		};
		BD654A2C29A633A8007BA228 /* XCRemoteSwiftPackageReference "firebase-ios-sdk" */ = {
			isa = XCRemoteSwiftPackageReference;
			repositoryURL = "https://github.com/firebase/firebase-ios-sdk.git";
			requirement = {
				kind = upToNextMajorVersion;
				minimumVersion = 9.0.0;
			};
		};
/* End XCRemoteSwiftPackageReference section */

/* Begin XCSwiftPackageProductDependency section */
		BD654A1F299BC60F007BA228 /* SDWebImageSwiftUI */ = {
			isa = XCSwiftPackageProductDependency;
			package = BD654A1E299BC60F007BA228 /* XCRemoteSwiftPackageReference "SDWebImageSwiftUI" */;
			productName = SDWebImageSwiftUI;
		};
		BD654A2D29A633A8007BA228 /* FirebaseAuth */ = {
			isa = XCSwiftPackageProductDependency;
			package = BD654A2C29A633A8007BA228 /* XCRemoteSwiftPackageReference "firebase-ios-sdk" */;
			productName = FirebaseAuth;
		};
		BD654A2F29A633A8007BA228 /* FirebaseFirestore */ = {
			isa = XCSwiftPackageProductDependency;
			package = BD654A2C29A633A8007BA228 /* XCRemoteSwiftPackageReference "firebase-ios-sdk" */;
			productName = FirebaseFirestore;
		};
		BD654A3129A633A8007BA228 /* FirebaseFirestoreSwift */ = {
			isa = XCSwiftPackageProductDependency;
			package = BD654A2C29A633A8007BA228 /* XCRemoteSwiftPackageReference "firebase-ios-sdk" */;
			productName = FirebaseFirestoreSwift;
		};
		BD654A3329A633A8007BA228 /* FirebaseStorage */ = {
			isa = XCSwiftPackageProductDependency;
			package = BD654A2C29A633A8007BA228 /* XCRemoteSwiftPackageReference "firebase-ios-sdk" */;
			productName = FirebaseStorage;
		};
/* End XCSwiftPackageProductDependency section */
	};
	rootObject = BD76A22D2992528F00BBD7A1 /* Project object */;
}
