// !$*UTF8*$!
{
	archiveVersion = 1;
	classes = {
	};
	objectVersion = 56;
	objects = {

/* Begin PBXBuildFile section */
		BD76A202299250EA00BBD7A1 /* GymChattingAppApp.swift in Sources */ = {isa = PBXBuildFile; fileRef = BD76A201299250EA00BBD7A1 /* GymChattingAppApp.swift */; };
		BD76A204299250EA00BBD7A1 /* ContentView.swift in Sources */ = {isa = PBXBuildFile; fileRef = BD76A203299250EA00BBD7A1 /* ContentView.swift */; };
		BD76A206299250EE00BBD7A1 /* Assets.xcassets in Resources */ = {isa = PBXBuildFile; fileRef = BD76A205299250EE00BBD7A1 /* Assets.xcassets */; };
		BD76A20A299250EE00BBD7A1 /* Preview Assets.xcassets in Resources */ = {isa = PBXBuildFile; fileRef = BD76A209299250EE00BBD7A1 /* Preview Assets.xcassets */; };
		BD76A214299250EE00BBD7A1 /* GymChattingAppTests.swift in Sources */ = {isa = PBXBuildFile; fileRef = BD76A213299250EE00BBD7A1 /* GymChattingAppTests.swift */; };
		BD76A21E299250EE00BBD7A1 /* GymChattingAppUITests.swift in Sources */ = {isa = PBXBuildFile; fileRef = BD76A21D299250EE00BBD7A1 /* GymChattingAppUITests.swift */; };
		BD76A220299250EE00BBD7A1 /* GymChattingAppUITestsLaunchTests.swift in Sources */ = {isa = PBXBuildFile; fileRef = BD76A21F299250EE00BBD7A1 /* GymChattingAppUITestsLaunchTests.swift */; };
/* End PBXBuildFile section */

/* Begin PBXContainerItemProxy section */
		BD76A210299250EE00BBD7A1 /* PBXContainerItemProxy */ = {
			isa = PBXContainerItemProxy;
			containerPortal = BD76A1F6299250EA00BBD7A1 /* Project object */;
			proxyType = 1;
			remoteGlobalIDString = BD76A1FD299250EA00BBD7A1;
			remoteInfo = GymChattingApp;
		};
		BD76A21A299250EE00BBD7A1 /* PBXContainerItemProxy */ = {
			isa = PBXContainerItemProxy;
			containerPortal = BD76A1F6299250EA00BBD7A1 /* Project object */;
			proxyType = 1;
			remoteGlobalIDString = BD76A1FD299250EA00BBD7A1;
			remoteInfo = GymChattingApp;
		};
/* End PBXContainerItemProxy section */

/* Begin PBXFileReference section */
		BD76A1FE299250EA00BBD7A1 /* GymChattingApp.app */ = {isa = PBXFileReference; explicitFileType = wrapper.application; includeInIndex = 0; path = GymChattingApp.app; sourceTree = BUILT_PRODUCTS_DIR; };
		BD76A201299250EA00BBD7A1 /* GymChattingAppApp.swift */ = {isa = PBXFileReference; lastKnownFileType = sourcecode.swift; path = GymChattingAppApp.swift; sourceTree = "<group>"; };
		BD76A203299250EA00BBD7A1 /* ContentView.swift */ = {isa = PBXFileReference; lastKnownFileType = sourcecode.swift; path = ContentView.swift; sourceTree = "<group>"; };
		BD76A205299250EE00BBD7A1 /* Assets.xcassets */ = {isa = PBXFileReference; lastKnownFileType = folder.assetcatalog; path = Assets.xcassets; sourceTree = "<group>"; };
		BD76A207299250EE00BBD7A1 /* GymChattingApp.entitlements */ = {isa = PBXFileReference; lastKnownFileType = text.plist.entitlements; path = GymChattingApp.entitlements; sourceTree = "<group>"; };
		BD76A209299250EE00BBD7A1 /* Preview Assets.xcassets */ = {isa = PBXFileReference; lastKnownFileType = folder.assetcatalog; path = "Preview Assets.xcassets"; sourceTree = "<group>"; };
		BD76A20F299250EE00BBD7A1 /* GymChattingAppTests.xctest */ = {isa = PBXFileReference; explicitFileType = wrapper.cfbundle; includeInIndex = 0; path = GymChattingAppTests.xctest; sourceTree = BUILT_PRODUCTS_DIR; };
		BD76A213299250EE00BBD7A1 /* GymChattingAppTests.swift */ = {isa = PBXFileReference; lastKnownFileType = sourcecode.swift; path = GymChattingAppTests.swift; sourceTree = "<group>"; };
		BD76A219299250EE00BBD7A1 /* GymChattingAppUITests.xctest */ = {isa = PBXFileReference; explicitFileType = wrapper.cfbundle; includeInIndex = 0; path = GymChattingAppUITests.xctest; sourceTree = BUILT_PRODUCTS_DIR; };
		BD76A21D299250EE00BBD7A1 /* GymChattingAppUITests.swift */ = {isa = PBXFileReference; lastKnownFileType = sourcecode.swift; path = GymChattingAppUITests.swift; sourceTree = "<group>"; };
		BD76A21F299250EE00BBD7A1 /* GymChattingAppUITestsLaunchTests.swift */ = {isa = PBXFileReference; lastKnownFileType = sourcecode.swift; path = GymChattingAppUITestsLaunchTests.swift; sourceTree = "<group>"; };
/* End PBXFileReference section */

/* Begin PBXFrameworksBuildPhase section */
		BD76A1FB299250EA00BBD7A1 /* Frameworks */ = {
			isa = PBXFrameworksBuildPhase;
			buildActionMask = 2147483647;
			files = (
			);
			runOnlyForDeploymentPostprocessing = 0;
		};
		BD76A20C299250EE00BBD7A1 /* Frameworks */ = {
			isa = PBXFrameworksBuildPhase;
			buildActionMask = 2147483647;
			files = (
			);
			runOnlyForDeploymentPostprocessing = 0;
		};
		BD76A216299250EE00BBD7A1 /* Frameworks */ = {
			isa = PBXFrameworksBuildPhase;
			buildActionMask = 2147483647;
			files = (
			);
			runOnlyForDeploymentPostprocessing = 0;
		};
/* End PBXFrameworksBuildPhase section */

/* Begin PBXGroup section */
		BD76A1F5299250EA00BBD7A1 = {
			isa = PBXGroup;
			children = (
				BD76A200299250EA00BBD7A1 /* GymChattingApp */,
				BD76A212299250EE00BBD7A1 /* GymChattingAppTests */,
				BD76A21C299250EE00BBD7A1 /* GymChattingAppUITests */,
				BD76A1FF299250EA00BBD7A1 /* Products */,
			);
			sourceTree = "<group>";
		};
		BD76A1FF299250EA00BBD7A1 /* Products */ = {
			isa = PBXGroup;
			children = (
				BD76A1FE299250EA00BBD7A1 /* GymChattingApp.app */,
				BD76A20F299250EE00BBD7A1 /* GymChattingAppTests.xctest */,
				BD76A219299250EE00BBD7A1 /* GymChattingAppUITests.xctest */,
			);
			name = Products;
			sourceTree = "<group>";
		};
		BD76A200299250EA00BBD7A1 /* GymChattingApp */ = {
			isa = PBXGroup;
			children = (
				BD76A201299250EA00BBD7A1 /* GymChattingAppApp.swift */,
				BD76A203299250EA00BBD7A1 /* ContentView.swift */,
				BD76A205299250EE00BBD7A1 /* Assets.xcassets */,
				BD76A207299250EE00BBD7A1 /* GymChattingApp.entitlements */,
				BD76A208299250EE00BBD7A1 /* Preview Content */,
			);
			path = GymChattingApp;
			sourceTree = "<group>";
		};
		BD76A208299250EE00BBD7A1 /* Preview Content */ = {
			isa = PBXGroup;
			children = (
				BD76A209299250EE00BBD7A1 /* Preview Assets.xcassets */,
			);
			path = "Preview Content";
			sourceTree = "<group>";
		};
		BD76A212299250EE00BBD7A1 /* GymChattingAppTests */ = {
			isa = PBXGroup;
			children = (
				BD76A213299250EE00BBD7A1 /* GymChattingAppTests.swift */,
			);
			path = GymChattingAppTests;
			sourceTree = "<group>";
		};
		BD76A21C299250EE00BBD7A1 /* GymChattingAppUITests */ = {
			isa = PBXGroup;
			children = (
				BD76A21D299250EE00BBD7A1 /* GymChattingAppUITests.swift */,
				BD76A21F299250EE00BBD7A1 /* GymChattingAppUITestsLaunchTests.swift */,
			);
			path = GymChattingAppUITests;
			sourceTree = "<group>";
		};
/* End PBXGroup section */

/* Begin PBXNativeTarget section */
		BD76A1FD299250EA00BBD7A1 /* GymChattingApp */ = {
			isa = PBXNativeTarget;
			buildConfigurationList = BD76A223299250EE00BBD7A1 /* Build configuration list for PBXNativeTarget "GymChattingApp" */;
			buildPhases = (
				BD76A1FA299250EA00BBD7A1 /* Sources */,
				BD76A1FB299250EA00BBD7A1 /* Frameworks */,
				BD76A1FC299250EA00BBD7A1 /* Resources */,
			);
			buildRules = (
			);
			dependencies = (
			);
			name = GymChattingApp;
			productName = GymChattingApp;
			productReference = BD76A1FE299250EA00BBD7A1 /* GymChattingApp.app */;
			productType = "com.apple.product-type.application";
		};
		BD76A20E299250EE00BBD7A1 /* GymChattingAppTests */ = {
			isa = PBXNativeTarget;
			buildConfigurationList = BD76A226299250EE00BBD7A1 /* Build configuration list for PBXNativeTarget "GymChattingAppTests" */;
			buildPhases = (
				BD76A20B299250EE00BBD7A1 /* Sources */,
				BD76A20C299250EE00BBD7A1 /* Frameworks */,
				BD76A20D299250EE00BBD7A1 /* Resources */,
			);
			buildRules = (
			);
			dependencies = (
				BD76A211299250EE00BBD7A1 /* PBXTargetDependency */,
			);
			name = GymChattingAppTests;
			productName = GymChattingAppTests;
			productReference = BD76A20F299250EE00BBD7A1 /* GymChattingAppTests.xctest */;
			productType = "com.apple.product-type.bundle.unit-test";
		};
		BD76A218299250EE00BBD7A1 /* GymChattingAppUITests */ = {
			isa = PBXNativeTarget;
			buildConfigurationList = BD76A229299250EE00BBD7A1 /* Build configuration list for PBXNativeTarget "GymChattingAppUITests" */;
			buildPhases = (
				BD76A215299250EE00BBD7A1 /* Sources */,
				BD76A216299250EE00BBD7A1 /* Frameworks */,
				BD76A217299250EE00BBD7A1 /* Resources */,
			);
			buildRules = (
			);
			dependencies = (
				BD76A21B299250EE00BBD7A1 /* PBXTargetDependency */,
			);
			name = GymChattingAppUITests;
			productName = GymChattingAppUITests;
			productReference = BD76A219299250EE00BBD7A1 /* GymChattingAppUITests.xctest */;
			productType = "com.apple.product-type.bundle.ui-testing";
		};
/* End PBXNativeTarget section */

/* Begin PBXProject section */
		BD76A1F6299250EA00BBD7A1 /* Project object */ = {
			isa = PBXProject;
			attributes = {
				BuildIndependentTargetsInParallel = 1;
				LastSwiftUpdateCheck = 1420;
				LastUpgradeCheck = 1420;
				TargetAttributes = {
					BD76A1FD299250EA00BBD7A1 = {
						CreatedOnToolsVersion = 14.2;
					};
					BD76A20E299250EE00BBD7A1 = {
						CreatedOnToolsVersion = 14.2;
						TestTargetID = BD76A1FD299250EA00BBD7A1;
					};
					BD76A218299250EE00BBD7A1 = {
						CreatedOnToolsVersion = 14.2;
						TestTargetID = BD76A1FD299250EA00BBD7A1;
					};
				};
			};
			buildConfigurationList = BD76A1F9299250EA00BBD7A1 /* Build configuration list for PBXProject "GymChattingApp" */;
			compatibilityVersion = "Xcode 14.0";
			developmentRegion = en;
			hasScannedForEncodings = 0;
			knownRegions = (
				en,
				Base,
			);
			mainGroup = BD76A1F5299250EA00BBD7A1;
			productRefGroup = BD76A1FF299250EA00BBD7A1 /* Products */;
			projectDirPath = "";
			projectRoot = "";
			targets = (
				BD76A1FD299250EA00BBD7A1 /* GymChattingApp */,
				BD76A20E299250EE00BBD7A1 /* GymChattingAppTests */,
				BD76A218299250EE00BBD7A1 /* GymChattingAppUITests */,
			);
		};
/* End PBXProject section */

/* Begin PBXResourcesBuildPhase section */
		BD76A1FC299250EA00BBD7A1 /* Resources */ = {
			isa = PBXResourcesBuildPhase;
			buildActionMask = 2147483647;
			files = (
				BD76A20A299250EE00BBD7A1 /* Preview Assets.xcassets in Resources */,
				BD76A206299250EE00BBD7A1 /* Assets.xcassets in Resources */,
			);
			runOnlyForDeploymentPostprocessing = 0;
		};
		BD76A20D299250EE00BBD7A1 /* Resources */ = {
			isa = PBXResourcesBuildPhase;
			buildActionMask = 2147483647;
			files = (
			);
			runOnlyForDeploymentPostprocessing = 0;
		};
		BD76A217299250EE00BBD7A1 /* Resources */ = {
			isa = PBXResourcesBuildPhase;
			buildActionMask = 2147483647;
			files = (
			);
			runOnlyForDeploymentPostprocessing = 0;
		};
/* End PBXResourcesBuildPhase section */

/* Begin PBXSourcesBuildPhase section */
		BD76A1FA299250EA00BBD7A1 /* Sources */ = {
			isa = PBXSourcesBuildPhase;
			buildActionMask = 2147483647;
			files = (
				BD76A204299250EA00BBD7A1 /* ContentView.swift in Sources */,
				BD76A202299250EA00BBD7A1 /* GymChattingAppApp.swift in Sources */,
			);
			runOnlyForDeploymentPostprocessing = 0;
		};
		BD76A20B299250EE00BBD7A1 /* Sources */ = {
			isa = PBXSourcesBuildPhase;
			buildActionMask = 2147483647;
			files = (
				BD76A214299250EE00BBD7A1 /* GymChattingAppTests.swift in Sources */,
			);
			runOnlyForDeploymentPostprocessing = 0;
		};
		BD76A215299250EE00BBD7A1 /* Sources */ = {
			isa = PBXSourcesBuildPhase;
			buildActionMask = 2147483647;
			files = (
				BD76A220299250EE00BBD7A1 /* GymChattingAppUITestsLaunchTests.swift in Sources */,
				BD76A21E299250EE00BBD7A1 /* GymChattingAppUITests.swift in Sources */,
			);
			runOnlyForDeploymentPostprocessing = 0;
		};
/* End PBXSourcesBuildPhase section */

/* Begin PBXTargetDependency section */
		BD76A211299250EE00BBD7A1 /* PBXTargetDependency */ = {
			isa = PBXTargetDependency;
			target = BD76A1FD299250EA00BBD7A1 /* GymChattingApp */;
			targetProxy = BD76A210299250EE00BBD7A1 /* PBXContainerItemProxy */;
		};
		BD76A21B299250EE00BBD7A1 /* PBXTargetDependency */ = {
			isa = PBXTargetDependency;
			target = BD76A1FD299250EA00BBD7A1 /* GymChattingApp */;
			targetProxy = BD76A21A299250EE00BBD7A1 /* PBXContainerItemProxy */;
		};
/* End PBXTargetDependency section */

/* Begin XCBuildConfiguration section */
		BD76A221299250EE00BBD7A1 /* Debug */ = {
			isa = XCBuildConfiguration;
			buildSettings = {
				ALWAYS_SEARCH_USER_PATHS = NO;
				CLANG_ANALYZER_NONNULL = YES;
				CLANG_ANALYZER_NUMBER_OBJECT_CONVERSION = YES_AGGRESSIVE;
				CLANG_CXX_LANGUAGE_STANDARD = "gnu++20";
				CLANG_ENABLE_MODULES = YES;
				CLANG_ENABLE_OBJC_ARC = YES;
				CLANG_ENABLE_OBJC_WEAK = YES;
				CLANG_WARN_BLOCK_CAPTURE_AUTORELEASING = YES;
				CLANG_WARN_BOOL_CONVERSION = YES;
				CLANG_WARN_COMMA = YES;
				CLANG_WARN_CONSTANT_CONVERSION = YES;
				CLANG_WARN_DEPRECATED_OBJC_IMPLEMENTATIONS = YES;
				CLANG_WARN_DIRECT_OBJC_ISA_USAGE = YES_ERROR;
				CLANG_WARN_DOCUMENTATION_COMMENTS = YES;
				CLANG_WARN_EMPTY_BODY = YES;
				CLANG_WARN_ENUM_CONVERSION = YES;
				CLANG_WARN_INFINITE_RECURSION = YES;
				CLANG_WARN_INT_CONVERSION = YES;
				CLANG_WARN_NON_LITERAL_NULL_CONVERSION = YES;
				CLANG_WARN_OBJC_IMPLICIT_RETAIN_SELF = YES;
				CLANG_WARN_OBJC_LITERAL_CONVERSION = YES;
				CLANG_WARN_OBJC_ROOT_CLASS = YES_ERROR;
				CLANG_WARN_QUOTED_INCLUDE_IN_FRAMEWORK_HEADER = YES;
				CLANG_WARN_RANGE_LOOP_ANALYSIS = YES;
				CLANG_WARN_STRICT_PROTOTYPES = YES;
				CLANG_WARN_SUSPICIOUS_MOVE = YES;
				CLANG_WARN_UNGUARDED_AVAILABILITY = YES_AGGRESSIVE;
				CLANG_WARN_UNREACHABLE_CODE = YES;
				CLANG_WARN__DUPLICATE_METHOD_MATCH = YES;
				COPY_PHASE_STRIP = NO;
				DEBUG_INFORMATION_FORMAT = dwarf;
				ENABLE_STRICT_OBJC_MSGSEND = YES;
				ENABLE_TESTABILITY = YES;
				GCC_C_LANGUAGE_STANDARD = gnu11;
				GCC_DYNAMIC_NO_PIC = NO;
				GCC_NO_COMMON_BLOCKS = YES;
				GCC_OPTIMIZATION_LEVEL = 0;
				GCC_PREPROCESSOR_DEFINITIONS = (
					"DEBUG=1",
					"$(inherited)",
				);
				GCC_WARN_64_TO_32_BIT_CONVERSION = YES;
				GCC_WARN_ABOUT_RETURN_TYPE = YES_ERROR;
				GCC_WARN_UNDECLARED_SELECTOR = YES;
				GCC_WARN_UNINITIALIZED_AUTOS = YES_AGGRESSIVE;
				GCC_WARN_UNUSED_FUNCTION = YES;
				GCC_WARN_UNUSED_VARIABLE = YES;
				MTL_ENABLE_DEBUG_INFO = INCLUDE_SOURCE;
				MTL_FAST_MATH = YES;
				ONLY_ACTIVE_ARCH = YES;
				SWIFT_ACTIVE_COMPILATION_CONDITIONS = DEBUG;
				SWIFT_OPTIMIZATION_LEVEL = "-Onone";
			};
			name = Debug;
		};
		BD76A222299250EE00BBD7A1 /* Release */ = {
			isa = XCBuildConfiguration;
			buildSettings = {
				ALWAYS_SEARCH_USER_PATHS = NO;
				CLANG_ANALYZER_NONNULL = YES;
				CLANG_ANALYZER_NUMBER_OBJECT_CONVERSION = YES_AGGRESSIVE;
				CLANG_CXX_LANGUAGE_STANDARD = "gnu++20";
				CLANG_ENABLE_MODULES = YES;
				CLANG_ENABLE_OBJC_ARC = YES;
				CLANG_ENABLE_OBJC_WEAK = YES;
				CLANG_WARN_BLOCK_CAPTURE_AUTORELEASING = YES;
				CLANG_WARN_BOOL_CONVERSION = YES;
				CLANG_WARN_COMMA = YES;
				CLANG_WARN_CONSTANT_CONVERSION = YES;
				CLANG_WARN_DEPRECATED_OBJC_IMPLEMENTATIONS = YES;
				CLANG_WARN_DIRECT_OBJC_ISA_USAGE = YES_ERROR;
				CLANG_WARN_DOCUMENTATION_COMMENTS = YES;
				CLANG_WARN_EMPTY_BODY = YES;
				CLANG_WARN_ENUM_CONVERSION = YES;
				CLANG_WARN_INFINITE_RECURSION = YES;
				CLANG_WARN_INT_CONVERSION = YES;
				CLANG_WARN_NON_LITERAL_NULL_CONVERSION = YES;
				CLANG_WARN_OBJC_IMPLICIT_RETAIN_SELF = YES;
				CLANG_WARN_OBJC_LITERAL_CONVERSION = YES;
				CLANG_WARN_OBJC_ROOT_CLASS = YES_ERROR;
				CLANG_WARN_QUOTED_INCLUDE_IN_FRAMEWORK_HEADER = YES;
				CLANG_WARN_RANGE_LOOP_ANALYSIS = YES;
				CLANG_WARN_STRICT_PROTOTYPES = YES;
				CLANG_WARN_SUSPICIOUS_MOVE = YES;
				CLANG_WARN_UNGUARDED_AVAILABILITY = YES_AGGRESSIVE;
				CLANG_WARN_UNREACHABLE_CODE = YES;
				CLANG_WARN__DUPLICATE_METHOD_MATCH = YES;
				COPY_PHASE_STRIP = NO;
				DEBUG_INFORMATION_FORMAT = "dwarf-with-dsym";
				ENABLE_NS_ASSERTIONS = NO;
				ENABLE_STRICT_OBJC_MSGSEND = YES;
				GCC_C_LANGUAGE_STANDARD = gnu11;
				GCC_NO_COMMON_BLOCKS = YES;
				GCC_WARN_64_TO_32_BIT_CONVERSION = YES;
				GCC_WARN_ABOUT_RETURN_TYPE = YES_ERROR;
				GCC_WARN_UNDECLARED_SELECTOR = YES;
				GCC_WARN_UNINITIALIZED_AUTOS = YES_AGGRESSIVE;
				GCC_WARN_UNUSED_FUNCTION = YES;
				GCC_WARN_UNUSED_VARIABLE = YES;
				MTL_ENABLE_DEBUG_INFO = NO;
				MTL_FAST_MATH = YES;
				SWIFT_COMPILATION_MODE = wholemodule;
				SWIFT_OPTIMIZATION_LEVEL = "-O";
			};
			name = Release;
		};
		BD76A224299250EE00BBD7A1 /* Debug */ = {
			isa = XCBuildConfiguration;
			buildSettings = {
				ASSETCATALOG_COMPILER_APPICON_NAME = AppIcon;
				ASSETCATALOG_COMPILER_GLOBAL_ACCENT_COLOR_NAME = AccentColor;
				CODE_SIGN_ENTITLEMENTS = GymChattingApp/GymChattingApp.entitlements;
				CODE_SIGN_STYLE = Automatic;
				CURRENT_PROJECT_VERSION = 1;
				DEVELOPMENT_ASSET_PATHS = "\"GymChattingApp/Preview Content\"";
				ENABLE_PREVIEWS = YES;
				GENERATE_INFOPLIST_FILE = YES;
				"INFOPLIST_KEY_UIApplicationSceneManifest_Generation[sdk=iphoneos*]" = YES;
				"INFOPLIST_KEY_UIApplicationSceneManifest_Generation[sdk=iphonesimulator*]" = YES;
				"INFOPLIST_KEY_UIApplicationSupportsIndirectInputEvents[sdk=iphoneos*]" = YES;
				"INFOPLIST_KEY_UIApplicationSupportsIndirectInputEvents[sdk=iphonesimulator*]" = YES;
				"INFOPLIST_KEY_UILaunchScreen_Generation[sdk=iphoneos*]" = YES;
				"INFOPLIST_KEY_UILaunchScreen_Generation[sdk=iphonesimulator*]" = YES;
				"INFOPLIST_KEY_UIStatusBarStyle[sdk=iphoneos*]" = UIStatusBarStyleDefault;
				"INFOPLIST_KEY_UIStatusBarStyle[sdk=iphonesimulator*]" = UIStatusBarStyleDefault;
				INFOPLIST_KEY_UISupportedInterfaceOrientations_iPad = "UIInterfaceOrientationPortrait UIInterfaceOrientationPortraitUpsideDown UIInterfaceOrientationLandscapeLeft UIInterfaceOrientationLandscapeRight";
				INFOPLIST_KEY_UISupportedInterfaceOrientations_iPhone = "UIInterfaceOrientationPortrait UIInterfaceOrientationLandscapeLeft UIInterfaceOrientationLandscapeRight";
				IPHONEOS_DEPLOYMENT_TARGET = 16.2;
				LD_RUNPATH_SEARCH_PATHS = "@executable_path/Frameworks";
				"LD_RUNPATH_SEARCH_PATHS[sdk=macosx*]" = "@executable_path/../Frameworks";
				MACOSX_DEPLOYMENT_TARGET = 12.6;
				MARKETING_VERSION = 1.0;
				PRODUCT_BUNDLE_IDENTIFIER = com.example.GymChattingApp;
				PRODUCT_NAME = "$(TARGET_NAME)";
				SDKROOT = auto;
				SUPPORTED_PLATFORMS = "iphoneos iphonesimulator macosx";
				SWIFT_EMIT_LOC_STRINGS = YES;
				SWIFT_VERSION = 5.0;
				TARGETED_DEVICE_FAMILY = "1,2";
			};
			name = Debug;
		};
		BD76A225299250EE00BBD7A1 /* Release */ = {
			isa = XCBuildConfiguration;
			buildSettings = {
				ASSETCATALOG_COMPILER_APPICON_NAME = AppIcon;
				ASSETCATALOG_COMPILER_GLOBAL_ACCENT_COLOR_NAME = AccentColor;
				CODE_SIGN_ENTITLEMENTS = GymChattingApp/GymChattingApp.entitlements;
				CODE_SIGN_STYLE = Automatic;
				CURRENT_PROJECT_VERSION = 1;
				DEVELOPMENT_ASSET_PATHS = "\"GymChattingApp/Preview Content\"";
				ENABLE_PREVIEWS = YES;
				GENERATE_INFOPLIST_FILE = YES;
				"INFOPLIST_KEY_UIApplicationSceneManifest_Generation[sdk=iphoneos*]" = YES;
				"INFOPLIST_KEY_UIApplicationSceneManifest_Generation[sdk=iphonesimulator*]" = YES;
				"INFOPLIST_KEY_UIApplicationSupportsIndirectInputEvents[sdk=iphoneos*]" = YES;
				"INFOPLIST_KEY_UIApplicationSupportsIndirectInputEvents[sdk=iphonesimulator*]" = YES;
				"INFOPLIST_KEY_UILaunchScreen_Generation[sdk=iphoneos*]" = YES;
				"INFOPLIST_KEY_UILaunchScreen_Generation[sdk=iphonesimulator*]" = YES;
				"INFOPLIST_KEY_UIStatusBarStyle[sdk=iphoneos*]" = UIStatusBarStyleDefault;
				"INFOPLIST_KEY_UIStatusBarStyle[sdk=iphonesimulator*]" = UIStatusBarStyleDefault;
				INFOPLIST_KEY_UISupportedInterfaceOrientations_iPad = "UIInterfaceOrientationPortrait UIInterfaceOrientationPortraitUpsideDown UIInterfaceOrientationLandscapeLeft UIInterfaceOrientationLandscapeRight";
				INFOPLIST_KEY_UISupportedInterfaceOrientations_iPhone = "UIInterfaceOrientationPortrait UIInterfaceOrientationLandscapeLeft UIInterfaceOrientationLandscapeRight";
				IPHONEOS_DEPLOYMENT_TARGET = 16.2;
				LD_RUNPATH_SEARCH_PATHS = "@executable_path/Frameworks";
				"LD_RUNPATH_SEARCH_PATHS[sdk=macosx*]" = "@executable_path/../Frameworks";
				MACOSX_DEPLOYMENT_TARGET = 12.6;
				MARKETING_VERSION = 1.0;
				PRODUCT_BUNDLE_IDENTIFIER = com.example.GymChattingApp;
				PRODUCT_NAME = "$(TARGET_NAME)";
				SDKROOT = auto;
				SUPPORTED_PLATFORMS = "iphoneos iphonesimulator macosx";
				SWIFT_EMIT_LOC_STRINGS = YES;
				SWIFT_VERSION = 5.0;
				TARGETED_DEVICE_FAMILY = "1,2";
			};
			name = Release;
		};
		BD76A227299250EE00BBD7A1 /* Debug */ = {
			isa = XCBuildConfiguration;
			buildSettings = {
				ALWAYS_EMBED_SWIFT_STANDARD_LIBRARIES = YES;
				BUNDLE_LOADER = "$(TEST_HOST)";
				CODE_SIGN_STYLE = Automatic;
				CURRENT_PROJECT_VERSION = 1;
				GENERATE_INFOPLIST_FILE = YES;
				IPHONEOS_DEPLOYMENT_TARGET = 16.2;
				MACOSX_DEPLOYMENT_TARGET = 12.6;
				MARKETING_VERSION = 1.0;
				PRODUCT_BUNDLE_IDENTIFIER = com.example.GymChattingAppTests;
				PRODUCT_NAME = "$(TARGET_NAME)";
				SDKROOT = auto;
				SUPPORTED_PLATFORMS = "iphoneos iphonesimulator macosx";
				SWIFT_EMIT_LOC_STRINGS = NO;
				SWIFT_VERSION = 5.0;
				TARGETED_DEVICE_FAMILY = "1,2";
				TEST_HOST = "$(BUILT_PRODUCTS_DIR)/GymChattingApp.app/$(BUNDLE_EXECUTABLE_FOLDER_PATH)/GymChattingApp";
			};
			name = Debug;
		};
		BD76A228299250EE00BBD7A1 /* Release */ = {
			isa = XCBuildConfiguration;
			buildSettings = {
				ALWAYS_EMBED_SWIFT_STANDARD_LIBRARIES = YES;
				BUNDLE_LOADER = "$(TEST_HOST)";
				CODE_SIGN_STYLE = Automatic;
				CURRENT_PROJECT_VERSION = 1;
				GENERATE_INFOPLIST_FILE = YES;
				IPHONEOS_DEPLOYMENT_TARGET = 16.2;
				MACOSX_DEPLOYMENT_TARGET = 12.6;
				MARKETING_VERSION = 1.0;
				PRODUCT_BUNDLE_IDENTIFIER = com.example.GymChattingAppTests;
				PRODUCT_NAME = "$(TARGET_NAME)";
				SDKROOT = auto;
				SUPPORTED_PLATFORMS = "iphoneos iphonesimulator macosx";
				SWIFT_EMIT_LOC_STRINGS = NO;
				SWIFT_VERSION = 5.0;
				TARGETED_DEVICE_FAMILY = "1,2";
				TEST_HOST = "$(BUILT_PRODUCTS_DIR)/GymChattingApp.app/$(BUNDLE_EXECUTABLE_FOLDER_PATH)/GymChattingApp";
			};
			name = Release;
		};
		BD76A22A299250EE00BBD7A1 /* Debug */ = {
			isa = XCBuildConfiguration;
			buildSettings = {
				ALWAYS_EMBED_SWIFT_STANDARD_LIBRARIES = YES;
				CODE_SIGN_STYLE = Automatic;
				CURRENT_PROJECT_VERSION = 1;
				GENERATE_INFOPLIST_FILE = YES;
				IPHONEOS_DEPLOYMENT_TARGET = 16.2;
				MACOSX_DEPLOYMENT_TARGET = 12.6;
				MARKETING_VERSION = 1.0;
				PRODUCT_BUNDLE_IDENTIFIER = com.example.GymChattingAppUITests;
				PRODUCT_NAME = "$(TARGET_NAME)";
				SDKROOT = auto;
				SUPPORTED_PLATFORMS = "iphoneos iphonesimulator macosx";
				SWIFT_EMIT_LOC_STRINGS = NO;
				SWIFT_VERSION = 5.0;
				TARGETED_DEVICE_FAMILY = "1,2";
				TEST_TARGET_NAME = GymChattingApp;
			};
			name = Debug;
		};
		BD76A22B299250EE00BBD7A1 /* Release */ = {
			isa = XCBuildConfiguration;
			buildSettings = {
				ALWAYS_EMBED_SWIFT_STANDARD_LIBRARIES = YES;
				CODE_SIGN_STYLE = Automatic;
				CURRENT_PROJECT_VERSION = 1;
				GENERATE_INFOPLIST_FILE = YES;
				IPHONEOS_DEPLOYMENT_TARGET = 16.2;
				MACOSX_DEPLOYMENT_TARGET = 12.6;
				MARKETING_VERSION = 1.0;
				PRODUCT_BUNDLE_IDENTIFIER = com.example.GymChattingAppUITests;
				PRODUCT_NAME = "$(TARGET_NAME)";
				SDKROOT = auto;
				SUPPORTED_PLATFORMS = "iphoneos iphonesimulator macosx";
				SWIFT_EMIT_LOC_STRINGS = NO;
				SWIFT_VERSION = 5.0;
				TARGETED_DEVICE_FAMILY = "1,2";
				TEST_TARGET_NAME = GymChattingApp;
			};
			name = Release;
		};
/* End XCBuildConfiguration section */

/* Begin XCConfigurationList section */
		BD76A1F9299250EA00BBD7A1 /* Build configuration list for PBXProject "GymChattingApp" */ = {
			isa = XCConfigurationList;
			buildConfigurations = (
				BD76A221299250EE00BBD7A1 /* Debug */,
				BD76A222299250EE00BBD7A1 /* Release */,
			);
			defaultConfigurationIsVisible = 0;
			defaultConfigurationName = Release;
		};
		BD76A223299250EE00BBD7A1 /* Build configuration list for PBXNativeTarget "GymChattingApp" */ = {
			isa = XCConfigurationList;
			buildConfigurations = (
				BD76A224299250EE00BBD7A1 /* Debug */,
				BD76A225299250EE00BBD7A1 /* Release */,
			);
			defaultConfigurationIsVisible = 0;
			defaultConfigurationName = Release;
		};
		BD76A226299250EE00BBD7A1 /* Build configuration list for PBXNativeTarget "GymChattingAppTests" */ = {
			isa = XCConfigurationList;
			buildConfigurations = (
				BD76A227299250EE00BBD7A1 /* Debug */,
				BD76A228299250EE00BBD7A1 /* Release */,
			);
			defaultConfigurationIsVisible = 0;
			defaultConfigurationName = Release;
		};
		BD76A229299250EE00BBD7A1 /* Build configuration list for PBXNativeTarget "GymChattingAppUITests" */ = {
			isa = XCConfigurationList;
			buildConfigurations = (
				BD76A22A299250EE00BBD7A1 /* Debug */,
				BD76A22B299250EE00BBD7A1 /* Release */,
			);
			defaultConfigurationIsVisible = 0;
			defaultConfigurationName = Release;
		};
/* End XCConfigurationList section */
	};
	rootObject = BD76A1F6299250EA00BBD7A1 /* Project object */;
}
